
Microsoft Visual Studio Solution File, Format Version 12.00
# Visual Studio 15
VisualStudioVersion = 15.0.25807.0
MinimumVisualStudioVersion = 10.0.40219.1
Project("{2150E333-8FDC-42A3-9474-1A3956D46DE8}") = "Engine", "Engine", "{92F12826-8384-45F0-A9F2-31B59B5DF733}"
EndProject
Project("{2150E333-8FDC-42A3-9474-1A3956D46DE8}") = "Games", "Games", "{E0A29EC1-D049-4A13-99A5-A8D1CC34714B}"
EndProject
Project("{8BC9CEB8-8B4A-11D0-8D11-00A0C91BC942}") = "AdvGamesProgramming", "Intermediate\ProjectFiles\AdvGamesProgramming.vcxproj", "{3A3F4329-C302-46B1-BD01-3072590A626C}"
EndProject
Project("{8BC9CEB8-8B4A-11D0-8D11-00A0C91BC942}") = "UE4", "Intermediate\ProjectFiles\UE4.vcxproj", "{829E5E4B-A8B7-405C-997B-715AB61144DE}"
EndProject
Project("{2150E333-8FDC-42A3-9474-1A3956D46DE8}") = "Visualizers", "Visualizers", "{E3DB61B2-5B52-4491-A12D-9A55992F06E5}"
	ProjectSection(SolutionItems) = preProject
		E:\Unreal Engine\UE_4.24\Engine\Extras\VisualStudioDebugging\UE4.natvis = E:\Unreal Engine\UE_4.24\Engine\Extras\VisualStudioDebugging\UE4.natvis
	EndProjectSection
EndProject
Global
	GlobalSection(SolutionConfigurationPlatforms) = preSolution
		DebugGame Editor|IOS = DebugGame Editor|IOS
		DebugGame Editor|Win32 = DebugGame Editor|Win32
		DebugGame Editor|Win64 = DebugGame Editor|Win64
		DebugGame|IOS = DebugGame|IOS
		DebugGame|Win32 = DebugGame|Win32
		DebugGame|Win64 = DebugGame|Win64
		Development Editor|IOS = Development Editor|IOS
		Development Editor|Win32 = Development Editor|Win32
		Development Editor|Win64 = Development Editor|Win64
		Development|IOS = Development|IOS
		Development|Win32 = Development|Win32
		Development|Win64 = Development|Win64
		Shipping|IOS = Shipping|IOS
		Shipping|Win32 = Shipping|Win32
		Shipping|Win64 = Shipping|Win64
	EndGlobalSection
	GlobalSection(ProjectConfigurationPlatforms) = postSolution
		{3A3F4329-C302-46B1-BD01-3072590A626C}.DebugGame Editor|IOS.ActiveCfg = Invalid|Win32
		{3A3F4329-C302-46B1-BD01-3072590A626C}.DebugGame Editor|Win32.ActiveCfg = Invalid|Win32
		{3A3F4329-C302-46B1-BD01-3072590A626C}.DebugGame Editor|Win64.ActiveCfg = DebugGame_Editor|x64
		{3A3F4329-C302-46B1-BD01-3072590A626C}.DebugGame Editor|Win64.Build.0 = DebugGame_Editor|x64
		{3A3F4329-C302-46B1-BD01-3072590A626C}.DebugGame|IOS.ActiveCfg = IOS_DebugGame|Win32
		{3A3F4329-C302-46B1-BD01-3072590A626C}.DebugGame|IOS.Build.0 = IOS_DebugGame|Win32
		{3A3F4329-C302-46B1-BD01-3072590A626C}.DebugGame|Win32.ActiveCfg = DebugGame|Win32
		{3A3F4329-C302-46B1-BD01-3072590A626C}.DebugGame|Win32.Build.0 = DebugGame|Win32
		{3A3F4329-C302-46B1-BD01-3072590A626C}.DebugGame|Win64.ActiveCfg = DebugGame|x64
		{3A3F4329-C302-46B1-BD01-3072590A626C}.DebugGame|Win64.Build.0 = DebugGame|x64
		{3A3F4329-C302-46B1-BD01-3072590A626C}.Development Editor|IOS.ActiveCfg = Invalid|Win32
		{3A3F4329-C302-46B1-BD01-3072590A626C}.Development Editor|Win32.ActiveCfg = Invalid|Win32
		{3A3F4329-C302-46B1-BD01-3072590A626C}.Development Editor|Win64.ActiveCfg = Development_Editor|x64
		{3A3F4329-C302-46B1-BD01-3072590A626C}.Development Editor|Win64.Build.0 = Development_Editor|x64
		{3A3F4329-C302-46B1-BD01-3072590A626C}.Development|IOS.ActiveCfg = IOS_Development|Win32
		{3A3F4329-C302-46B1-BD01-3072590A626C}.Development|IOS.Build.0 = IOS_Development|Win32
		{3A3F4329-C302-46B1-BD01-3072590A626C}.Development|Win32.ActiveCfg = Development|Win32
		{3A3F4329-C302-46B1-BD01-3072590A626C}.Development|Win32.Build.0 = Development|Win32
		{3A3F4329-C302-46B1-BD01-3072590A626C}.Development|Win64.ActiveCfg = Development|x64
		{3A3F4329-C302-46B1-BD01-3072590A626C}.Development|Win64.Build.0 = Development|x64
		{3A3F4329-C302-46B1-BD01-3072590A626C}.Shipping|IOS.ActiveCfg = IOS_Shipping|Win32
		{3A3F4329-C302-46B1-BD01-3072590A626C}.Shipping|IOS.Build.0 = IOS_Shipping|Win32
		{3A3F4329-C302-46B1-BD01-3072590A626C}.Shipping|Win32.ActiveCfg = Shipping|Win32
		{3A3F4329-C302-46B1-BD01-3072590A626C}.Shipping|Win32.Build.0 = Shipping|Win32
		{3A3F4329-C302-46B1-BD01-3072590A626C}.Shipping|Win64.ActiveCfg = Shipping|x64
		{3A3F4329-C302-46B1-BD01-3072590A626C}.Shipping|Win64.Build.0 = Shipping|x64
		{829E5E4B-A8B7-405C-997B-715AB61144DE}.DebugGame Editor|IOS.ActiveCfg = BuiltWithUnrealBuildTool|Win32
		{829E5E4B-A8B7-405C-997B-715AB61144DE}.DebugGame Editor|Win32.ActiveCfg = BuiltWithUnrealBuildTool|Win32
		{829E5E4B-A8B7-405C-997B-715AB61144DE}.DebugGame Editor|Win64.ActiveCfg = BuiltWithUnrealBuildTool|Win32
		{829E5E4B-A8B7-405C-997B-715AB61144DE}.DebugGame|IOS.ActiveCfg = BuiltWithUnrealBuildTool|Win32
		{829E5E4B-A8B7-405C-997B-715AB61144DE}.DebugGame|Win32.ActiveCfg = BuiltWithUnrealBuildTool|Win32
		{829E5E4B-A8B7-405C-997B-715AB61144DE}.DebugGame|Win64.ActiveCfg = BuiltWithUnrealBuildTool|Win32
		{829E5E4B-A8B7-405C-997B-715AB61144DE}.Development Editor|IOS.ActiveCfg = BuiltWithUnrealBuildTool|Win32
		{829E5E4B-A8B7-405C-997B-715AB61144DE}.Development Editor|Win32.ActiveCfg = BuiltWithUnrealBuildTool|Win32
		{829E5E4B-A8B7-405C-997B-715AB61144DE}.Development Editor|Win64.ActiveCfg = BuiltWithUnrealBuildTool|Win32
		{829E5E4B-A8B7-405C-997B-715AB61144DE}.Development|IOS.ActiveCfg = BuiltWithUnrealBuildTool|Win32
		{829E5E4B-A8B7-405C-997B-715AB61144DE}.Development|Win32.ActiveCfg = BuiltWithUnrealBuildTool|Win32
		{829E5E4B-A8B7-405C-997B-715AB61144DE}.Development|Win64.ActiveCfg = BuiltWithUnrealBuildTool|Win32
		{829E5E4B-A8B7-405C-997B-715AB61144DE}.Shipping|IOS.ActiveCfg = BuiltWithUnrealBuildTool|Win32
		{829E5E4B-A8B7-405C-997B-715AB61144DE}.Shipping|Win32.ActiveCfg = BuiltWithUnrealBuildTool|Win32
		{829E5E4B-A8B7-405C-997B-715AB61144DE}.Shipping|Win64.ActiveCfg = BuiltWithUnrealBuildTool|Win32
	EndGlobalSection
	GlobalSection(SolutionProperties) = preSolution
		HideSolutionNode = FALSE
	EndGlobalSection
	GlobalSection(NestedProjects) = preSolution
		{829E5E4B-A8B7-405C-997B-715AB61144DE} = {92F12826-8384-45F0-A9F2-31B59B5DF733}
		{3A3F4329-C302-46B1-BD01-3072590A626C} = {E0A29EC1-D049-4A13-99A5-A8D1CC34714B}
	EndGlobalSection
EndGlobal
